// !$*UTF8*$!
{
	archiveVersion = 1;
	classes = {
	};
	objectVersion = 56;
	objects = {

/* Begin PBXBuildFile section */
		93EB4A7F2BBC1C0F00615ACD /* MainView.swift in Sources */ = {isa = PBXBuildFile; fileRef = 93EB4A7E2BBC1C0F00615ACD /* MainView.swift */; };
		93EF011D2BBAB0F9001C1FC7 /* BankDiaryApp.swift in Sources */ = {isa = PBXBuildFile; fileRef = 93EF011C2BBAB0F9001C1FC7 /* BankDiaryApp.swift */; };
		93EF011F2BBAB0F9001C1FC7 /* ContentView.swift in Sources */ = {isa = PBXBuildFile; fileRef = 93EF011E2BBAB0F9001C1FC7 /* ContentView.swift */; };
		93EF01212BBAB0FB001C1FC7 /* Assets.xcassets in Resources */ = {isa = PBXBuildFile; fileRef = 93EF01202BBAB0FB001C1FC7 /* Assets.xcassets */; };
		93EF01242BBAB0FB001C1FC7 /* Preview Assets.xcassets in Resources */ = {isa = PBXBuildFile; fileRef = 93EF01232BBAB0FB001C1FC7 /* Preview Assets.xcassets */; };
		93EF01262BBAB0FB001C1FC7 /* Persistence.swift in Sources */ = {isa = PBXBuildFile; fileRef = 93EF01252BBAB0FB001C1FC7 /* Persistence.swift */; };
		93EF01292BBAB0FB001C1FC7 /* BankDiary.xcdatamodeld in Sources */ = {isa = PBXBuildFile; fileRef = 93EF01272BBAB0FB001C1FC7 /* BankDiary.xcdatamodeld */; };
/* End PBXBuildFile section */

/* Begin PBXFileReference section */
		93EB4A7E2BBC1C0F00615ACD /* MainView.swift */ = {isa = PBXFileReference; lastKnownFileType = sourcecode.swift; path = MainView.swift; sourceTree = "<group>"; };
		93EF01192BBAB0F9001C1FC7 /* BankDiary.app */ = {isa = PBXFileReference; explicitFileType = wrapper.application; includeInIndex = 0; path = BankDiary.app; sourceTree = BUILT_PRODUCTS_DIR; };
		93EF011C2BBAB0F9001C1FC7 /* BankDiaryApp.swift */ = {isa = PBXFileReference; lastKnownFileType = sourcecode.swift; path = BankDiaryApp.swift; sourceTree = "<group>"; };
		93EF011E2BBAB0F9001C1FC7 /* ContentView.swift */ = {isa = PBXFileReference; lastKnownFileType = sourcecode.swift; path = ContentView.swift; sourceTree = "<group>"; };
		93EF01202BBAB0FB001C1FC7 /* Assets.xcassets */ = {isa = PBXFileReference; lastKnownFileType = folder.assetcatalog; path = Assets.xcassets; sourceTree = "<group>"; };
		93EF01232BBAB0FB001C1FC7 /* Preview Assets.xcassets */ = {isa = PBXFileReference; lastKnownFileType = folder.assetcatalog; path = "Preview Assets.xcassets"; sourceTree = "<group>"; };
		93EF01252BBAB0FB001C1FC7 /* Persistence.swift */ = {isa = PBXFileReference; lastKnownFileType = sourcecode.swift; path = Persistence.swift; sourceTree = "<group>"; };
		93EF01282BBAB0FB001C1FC7 /* BankDiary.xcdatamodel */ = {isa = PBXFileReference; lastKnownFileType = wrapper.xcdatamodel; path = BankDiary.xcdatamodel; sourceTree = "<group>"; };
/* End PBXFileReference section */

/* Begin PBXFrameworksBuildPhase section */
		93EF01162BBAB0F9001C1FC7 /* Frameworks */ = {
			isa = PBXFrameworksBuildPhase;
			buildActionMask = 2147483647;
			files = (
			);
			runOnlyForDeploymentPostprocessing = 0;
		};
/* End PBXFrameworksBuildPhase section */

/* Begin PBXGroup section */
		93B7F93E2BBAC6E500F43B36 /* Main */ = {
			isa = PBXGroup;
			children = (
				93EF011E2BBAB0F9001C1FC7 /* ContentView.swift */,
				93EB4A7E2BBC1C0F00615ACD /* MainView.swift */,
			);
			path = Main;
			sourceTree = "<group>";
		};
		93B7F9402BBAC6FA00F43B36 /* CashBook */ = {
			isa = PBXGroup;
			children = (
			);
			path = CashBook;
			sourceTree = "<group>";
		};
		93B7F9412BBAC72B00F43B36 /* Diary */ = {
			isa = PBXGroup;
			children = (
			);
			path = Diary;
			sourceTree = "<group>";
		};
		93B7F9422BBAC7DB00F43B36 /* MyPage */ = {
			isa = PBXGroup;
			children = (
			);
			path = MyPage;
			sourceTree = "<group>";
		};
		93B7F9432BBAC84700F43B36 /* Login */ = {
			isa = PBXGroup;
			children = (
			);
			path = Login;
			sourceTree = "<group>";
		};
		93EF01102BBAB0F9001C1FC7 = {
			isa = PBXGroup;
			children = (
				93EF011B2BBAB0F9001C1FC7 /* BankDiary */,
				93EF011A2BBAB0F9001C1FC7 /* Products */,
			);
			sourceTree = "<group>";
		};
		93EF011A2BBAB0F9001C1FC7 /* Products */ = {
			isa = PBXGroup;
			children = (
				93EF01192BBAB0F9001C1FC7 /* BankDiary.app */,
			);
			name = Products;
			sourceTree = "<group>";
		};
		93EF011B2BBAB0F9001C1FC7 /* BankDiary */ = {
			isa = PBXGroup;
			children = (
				93B7F9432BBAC84700F43B36 /* Login */,
				93B7F9422BBAC7DB00F43B36 /* MyPage */,
				93B7F9412BBAC72B00F43B36 /* Diary */,
				93B7F9402BBAC6FA00F43B36 /* CashBook */,
				93EF011C2BBAB0F9001C1FC7 /* BankDiaryApp.swift */,
				93B7F93E2BBAC6E500F43B36 /* Main */,
				93EF01202BBAB0FB001C1FC7 /* Assets.xcassets */,
				93EF01252BBAB0FB001C1FC7 /* Persistence.swift */,
				93EF01272BBAB0FB001C1FC7 /* BankDiary.xcdatamodeld */,
				93EF01222BBAB0FB001C1FC7 /* Preview Content */,
			);
			path = BankDiary;
			sourceTree = "<group>";
		};
		93EF01222BBAB0FB001C1FC7 /* Preview Content */ = {
			isa = PBXGroup;
			children = (
				93EF01232BBAB0FB001C1FC7 /* Preview Assets.xcassets */,
			);
			path = "Preview Content";
			sourceTree = "<group>";
		};
/* End PBXGroup section */

/* Begin PBXNativeTarget section */
		93EF01182BBAB0F9001C1FC7 /* BankDiary */ = {
			isa = PBXNativeTarget;
			buildConfigurationList = 93EF012C2BBAB0FB001C1FC7 /* Build configuration list for PBXNativeTarget "BankDiary" */;
			buildPhases = (
				93EF01152BBAB0F9001C1FC7 /* Sources */,
				93EF01162BBAB0F9001C1FC7 /* Frameworks */,
				93EF01172BBAB0F9001C1FC7 /* Resources */,
			);
			buildRules = (
			);
			dependencies = (
			);
			name = BankDiary;
			productName = BankDiary;
			productReference = 93EF01192BBAB0F9001C1FC7 /* BankDiary.app */;
			productType = "com.apple.product-type.application";
		};
/* End PBXNativeTarget section */

/* Begin PBXProject section */
		93EF01112BBAB0F9001C1FC7 /* Project object */ = {
			isa = PBXProject;
			attributes = {
				BuildIndependentTargetsInParallel = 1;
				LastSwiftUpdateCheck = 1530;
				LastUpgradeCheck = 1530;
				TargetAttributes = {
					93EF01182BBAB0F9001C1FC7 = {
						CreatedOnToolsVersion = 15.3;
					};
				};
			};
			buildConfigurationList = 93EF01142BBAB0F9001C1FC7 /* Build configuration list for PBXProject "BankDiary" */;
			compatibilityVersion = "Xcode 14.0";
			developmentRegion = en;
			hasScannedForEncodings = 0;
			knownRegions = (
				en,
				Base,
			);
			mainGroup = 93EF01102BBAB0F9001C1FC7;
			productRefGroup = 93EF011A2BBAB0F9001C1FC7 /* Products */;
			projectDirPath = "";
			projectRoot = "";
			targets = (
				93EF01182BBAB0F9001C1FC7 /* BankDiary */,
			);
		};
/* End PBXProject section */

/* Begin PBXResourcesBuildPhase section */
		93EF01172BBAB0F9001C1FC7 /* Resources */ = {
			isa = PBXResourcesBuildPhase;
			buildActionMask = 2147483647;
			files = (
				93EF01242BBAB0FB001C1FC7 /* Preview Assets.xcassets in Resources */,
				93EF01212BBAB0FB001C1FC7 /* Assets.xcassets in Resources */,
			);
			runOnlyForDeploymentPostprocessing = 0;
		};
/* End PBXResourcesBuildPhase section */

/* Begin PBXSourcesBuildPhase section */
		93EF01152BBAB0F9001C1FC7 /* Sources */ = {
			isa = PBXSourcesBuildPhase;
			buildActionMask = 2147483647;
			files = (
				93EF01262BBAB0FB001C1FC7 /* Persistence.swift in Sources */,
				93EF011F2BBAB0F9001C1FC7 /* ContentView.swift in Sources */,
				93EF011D2BBAB0F9001C1FC7 /* BankDiaryApp.swift in Sources */,
				93EB4A7F2BBC1C0F00615ACD /* MainView.swift in Sources */,
				93EF01292BBAB0FB001C1FC7 /* BankDiary.xcdatamodeld in Sources */,
			);
			runOnlyForDeploymentPostprocessing = 0;
		};
/* End PBXSourcesBuildPhase section */

/* Begin XCBuildConfiguration section */
		93EF012A2BBAB0FB001C1FC7 /* Debug */ = {
			isa = XCBuildConfiguration;
			buildSettings = {
				ALWAYS_SEARCH_USER_PATHS = NO;
				ASSETCATALOG_COMPILER_GENERATE_SWIFT_ASSET_SYMBOL_EXTENSIONS = YES;
				CLANG_ANALYZER_NONNULL = YES;
				CLANG_ANALYZER_NUMBER_OBJECT_CONVERSION = YES_AGGRESSIVE;
				CLANG_CXX_LANGUAGE_STANDARD = "gnu++20";
				CLANG_ENABLE_MODULES = YES;
				CLANG_ENABLE_OBJC_ARC = YES;
				CLANG_ENABLE_OBJC_WEAK = YES;
				CLANG_WARN_BLOCK_CAPTURE_AUTORELEASING = YES;
				CLANG_WARN_BOOL_CONVERSION = YES;
				CLANG_WARN_COMMA = YES;
				CLANG_WARN_CONSTANT_CONVERSION = YES;
				CLANG_WARN_DEPRECATED_OBJC_IMPLEMENTATIONS = YES;
				CLANG_WARN_DIRECT_OBJC_ISA_USAGE = YES_ERROR;
				CLANG_WARN_DOCUMENTATION_COMMENTS = YES;
				CLANG_WARN_EMPTY_BODY = YES;
				CLANG_WARN_ENUM_CONVERSION = YES;
				CLANG_WARN_INFINITE_RECURSION = YES;
				CLANG_WARN_INT_CONVERSION = YES;
				CLANG_WARN_NON_LITERAL_NULL_CONVERSION = YES;
				CLANG_WARN_OBJC_IMPLICIT_RETAIN_SELF = YES;
				CLANG_WARN_OBJC_LITERAL_CONVERSION = YES;
				CLANG_WARN_OBJC_ROOT_CLASS = YES_ERROR;
				CLANG_WARN_QUOTED_INCLUDE_IN_FRAMEWORK_HEADER = YES;
				CLANG_WARN_RANGE_LOOP_ANALYSIS = YES;
				CLANG_WARN_STRICT_PROTOTYPES = YES;
				CLANG_WARN_SUSPICIOUS_MOVE = YES;
				CLANG_WARN_UNGUARDED_AVAILABILITY = YES_AGGRESSIVE;
				CLANG_WARN_UNREACHABLE_CODE = YES;
				CLANG_WARN__DUPLICATE_METHOD_MATCH = YES;
				COPY_PHASE_STRIP = NO;
				DEBUG_INFORMATION_FORMAT = dwarf;
				ENABLE_STRICT_OBJC_MSGSEND = YES;
				ENABLE_TESTABILITY = YES;
				ENABLE_USER_SCRIPT_SANDBOXING = YES;
				GCC_C_LANGUAGE_STANDARD = gnu17;
				GCC_DYNAMIC_NO_PIC = NO;
				GCC_NO_COMMON_BLOCKS = YES;
				GCC_OPTIMIZATION_LEVEL = 0;
				GCC_PREPROCESSOR_DEFINITIONS = (
					"DEBUG=1",
					"$(inherited)",
				);
				GCC_WARN_64_TO_32_BIT_CONVERSION = YES;
				GCC_WARN_ABOUT_RETURN_TYPE = YES_ERROR;
				GCC_WARN_UNDECLARED_SELECTOR = YES;
				GCC_WARN_UNINITIALIZED_AUTOS = YES_AGGRESSIVE;
				GCC_WARN_UNUSED_FUNCTION = YES;
				GCC_WARN_UNUSED_VARIABLE = YES;
				IPHONEOS_DEPLOYMENT_TARGET = 17.4;
				LOCALIZATION_PREFERS_STRING_CATALOGS = YES;
				MTL_ENABLE_DEBUG_INFO = INCLUDE_SOURCE;
				MTL_FAST_MATH = YES;
				ONLY_ACTIVE_ARCH = YES;
				SDKROOT = iphoneos;
				SWIFT_ACTIVE_COMPILATION_CONDITIONS = "DEBUG $(inherited)";
				SWIFT_OPTIMIZATION_LEVEL = "-Onone";
			};
			name = Debug;
		};
		93EF012B2BBAB0FB001C1FC7 /* Release */ = {
			isa = XCBuildConfiguration;
			buildSettings = {
				ALWAYS_SEARCH_USER_PATHS = NO;
				ASSETCATALOG_COMPILER_GENERATE_SWIFT_ASSET_SYMBOL_EXTENSIONS = YES;
				CLANG_ANALYZER_NONNULL = YES;
				CLANG_ANALYZER_NUMBER_OBJECT_CONVERSION = YES_AGGRESSIVE;
				CLANG_CXX_LANGUAGE_STANDARD = "gnu++20";
				CLANG_ENABLE_MODULES = YES;
				CLANG_ENABLE_OBJC_ARC = YES;
				CLANG_ENABLE_OBJC_WEAK = YES;
				CLANG_WARN_BLOCK_CAPTURE_AUTORELEASING = YES;
				CLANG_WARN_BOOL_CONVERSION = YES;
				CLANG_WARN_COMMA = YES;
				CLANG_WARN_CONSTANT_CONVERSION = YES;
				CLANG_WARN_DEPRECATED_OBJC_IMPLEMENTATIONS = YES;
				CLANG_WARN_DIRECT_OBJC_ISA_USAGE = YES_ERROR;
				CLANG_WARN_DOCUMENTATION_COMMENTS = YES;
				CLANG_WARN_EMPTY_BODY = YES;
				CLANG_WARN_ENUM_CONVERSION = YES;
				CLANG_WARN_INFINITE_RECURSION = YES;
				CLANG_WARN_INT_CONVERSION = YES;
				CLANG_WARN_NON_LITERAL_NULL_CONVERSION = YES;
				CLANG_WARN_OBJC_IMPLICIT_RETAIN_SELF = YES;
				CLANG_WARN_OBJC_LITERAL_CONVERSION = YES;
				CLANG_WARN_OBJC_ROOT_CLASS = YES_ERROR;
				CLANG_WARN_QUOTED_INCLUDE_IN_FRAMEWORK_HEADER = YES;
				CLANG_WARN_RANGE_LOOP_ANALYSIS = YES;
				CLANG_WARN_STRICT_PROTOTYPES = YES;
				CLANG_WARN_SUSPICIOUS_MOVE = YES;
				CLANG_WARN_UNGUARDED_AVAILABILITY = YES_AGGRESSIVE;
				CLANG_WARN_UNREACHABLE_CODE = YES;
				CLANG_WARN__DUPLICATE_METHOD_MATCH = YES;
				COPY_PHASE_STRIP = NO;
				DEBUG_INFORMATION_FORMAT = "dwarf-with-dsym";
				ENABLE_NS_ASSERTIONS = NO;
				ENABLE_STRICT_OBJC_MSGSEND = YES;
				ENABLE_USER_SCRIPT_SANDBOXING = YES;
				GCC_C_LANGUAGE_STANDARD = gnu17;
				GCC_NO_COMMON_BLOCKS = YES;
				GCC_WARN_64_TO_32_BIT_CONVERSION = YES;
				GCC_WARN_ABOUT_RETURN_TYPE = YES_ERROR;
				GCC_WARN_UNDECLARED_SELECTOR = YES;
				GCC_WARN_UNINITIALIZED_AUTOS = YES_AGGRESSIVE;
				GCC_WARN_UNUSED_FUNCTION = YES;
				GCC_WARN_UNUSED_VARIABLE = YES;
				IPHONEOS_DEPLOYMENT_TARGET = 17.4;
				LOCALIZATION_PREFERS_STRING_CATALOGS = YES;
				MTL_ENABLE_DEBUG_INFO = NO;
				MTL_FAST_MATH = YES;
				SDKROOT = iphoneos;
				SWIFT_COMPILATION_MODE = wholemodule;
				VALIDATE_PRODUCT = YES;
			};
			name = Release;
		};
		93EF012D2BBAB0FB001C1FC7 /* Debug */ = {
			isa = XCBuildConfiguration;
			buildSettings = {
				ASSETCATALOG_COMPILER_APPICON_NAME = AppIcon;
				ASSETCATALOG_COMPILER_GLOBAL_ACCENT_COLOR_NAME = AccentColor;
				CODE_SIGN_STYLE = Automatic;
				CURRENT_PROJECT_VERSION = 1;
				DEVELOPMENT_ASSET_PATHS = "\"BankDiary/Preview Content\"";
				DEVELOPMENT_TEAM = 945Y4FNT8B;
				ENABLE_PREVIEWS = YES;
				GENERATE_INFOPLIST_FILE = YES;
				INFOPLIST_KEY_UIApplicationSceneManifest_Generation = YES;
				INFOPLIST_KEY_UIApplicationSupportsIndirectInputEvents = YES;
				INFOPLIST_KEY_UILaunchScreen_Generation = YES;
				INFOPLIST_KEY_UISupportedInterfaceOrientations_iPad = "UIInterfaceOrientationPortrait UIInterfaceOrientationPortraitUpsideDown UIInterfaceOrientationLandscapeLeft UIInterfaceOrientationLandscapeRight";
				INFOPLIST_KEY_UISupportedInterfaceOrientations_iPhone = "UIInterfaceOrientationPortrait UIInterfaceOrientationLandscapeLeft UIInterfaceOrientationLandscapeRight";
				LD_RUNPATH_SEARCH_PATHS = (
					"$(inherited)",
					"@executable_path/Frameworks",
				);
				MARKETING_VERSION = 1.0;
				PRODUCT_BUNDLE_IDENTIFIER = com.goldenplanet.BankDiary;
				PRODUCT_NAME = "$(TARGET_NAME)";
				SWIFT_EMIT_LOC_STRINGS = YES;
				SWIFT_VERSION = 5.0;
				TARGETED_DEVICE_FAMILY = "1,2";
			};
			name = Debug;
		};
		93EF012E2BBAB0FB001C1FC7 /* Release */ = {
			isa = XCBuildConfiguration;
			buildSettings = {
				ASSETCATALOG_COMPILER_APPICON_NAME = AppIcon;
				ASSETCATALOG_COMPILER_GLOBAL_ACCENT_COLOR_NAME = AccentColor;
				CODE_SIGN_STYLE = Automatic;
				CURRENT_PROJECT_VERSION = 1;
				DEVELOPMENT_ASSET_PATHS = "\"BankDiary/Preview Content\"";
				DEVELOPMENT_TEAM = 945Y4FNT8B;
				ENABLE_PREVIEWS = YES;
				GENERATE_INFOPLIST_FILE = YES;
				INFOPLIST_KEY_UIApplicationSceneManifest_Generation = YES;
				INFOPLIST_KEY_UIApplicationSupportsIndirectInputEvents = YES;
				INFOPLIST_KEY_UILaunchScreen_Generation = YES;
				INFOPLIST_KEY_UISupportedInterfaceOrientations_iPad = "UIInterfaceOrientationPortrait UIInterfaceOrientationPortraitUpsideDown UIInterfaceOrientationLandscapeLeft UIInterfaceOrientationLandscapeRight";
				INFOPLIST_KEY_UISupportedInterfaceOrientations_iPhone = "UIInterfaceOrientationPortrait UIInterfaceOrientationLandscapeLeft UIInterfaceOrientationLandscapeRight";
				LD_RUNPATH_SEARCH_PATHS = (
					"$(inherited)",
					"@executable_path/Frameworks",
				);
				MARKETING_VERSION = 1.0;
				PRODUCT_BUNDLE_IDENTIFIER = com.goldenplanet.BankDiary;
				PRODUCT_NAME = "$(TARGET_NAME)";
				SWIFT_EMIT_LOC_STRINGS = YES;
				SWIFT_VERSION = 5.0;
				TARGETED_DEVICE_FAMILY = "1,2";
			};
			name = Release;
		};
/* End XCBuildConfiguration section */

/* Begin XCConfigurationList section */
		93EF01142BBAB0F9001C1FC7 /* Build configuration list for PBXProject "BankDiary" */ = {
			isa = XCConfigurationList;
			buildConfigurations = (
				93EF012A2BBAB0FB001C1FC7 /* Debug */,
				93EF012B2BBAB0FB001C1FC7 /* Release */,
			);
			defaultConfigurationIsVisible = 0;
			defaultConfigurationName = Release;
		};
		93EF012C2BBAB0FB001C1FC7 /* Build configuration list for PBXNativeTarget "BankDiary" */ = {
			isa = XCConfigurationList;
			buildConfigurations = (
				93EF012D2BBAB0FB001C1FC7 /* Debug */,
				93EF012E2BBAB0FB001C1FC7 /* Release */,
			);
			defaultConfigurationIsVisible = 0;
			defaultConfigurationName = Release;
		};
/* End XCConfigurationList section */

/* Begin XCVersionGroup section */
		93EF01272BBAB0FB001C1FC7 /* BankDiary.xcdatamodeld */ = {
			isa = XCVersionGroup;
			children = (
				93EF01282BBAB0FB001C1FC7 /* BankDiary.xcdatamodel */,
			);
			currentVersion = 93EF01282BBAB0FB001C1FC7 /* BankDiary.xcdatamodel */;
			path = BankDiary.xcdatamodeld;
			sourceTree = "<group>";
			versionGroupType = wrapper.xcdatamodel;
		};
/* End XCVersionGroup section */
	};
	rootObject = 93EF01112BBAB0F9001C1FC7 /* Project object */;
}
